// !$*UTF8*$!
{
	archiveVersion = 1;
	classes = {
	};
	objectVersion = 50;
	objects = {

/* Begin PBXBuildFile section */
		371EE9982147F08D004ACFA0 /* AppDelegate.m in Sources */ = {isa = PBXBuildFile; fileRef = 371EE9972147F08D004ACFA0 /* AppDelegate.m */; };
		371EE99B2147F08D004ACFA0 /* ViewController.m in Sources */ = {isa = PBXBuildFile; fileRef = 371EE99A2147F08D004ACFA0 /* ViewController.m */; };
		371EE99D2147F08F004ACFA0 /* Assets.xcassets in Resources */ = {isa = PBXBuildFile; fileRef = 371EE99C2147F08F004ACFA0 /* Assets.xcassets */; };
		371EE9A02147F08F004ACFA0 /* Main.storyboard in Resources */ = {isa = PBXBuildFile; fileRef = 371EE99E2147F08F004ACFA0 /* Main.storyboard */; };
		371EE9A32147F08F004ACFA0 /* main.m in Sources */ = {isa = PBXBuildFile; fileRef = 371EE9A22147F08F004ACFA0 /* main.m */; };
		3771F512214870D70090AADA /* RVSlideViewItem.xib in Resources */ = {isa = PBXBuildFile; fileRef = 3771F510214870D70090AADA /* RVSlideViewItem.xib */; };
		3771F51D2148F6AA0090AADA /* RVPresentationDocument.m in Sources */ = {isa = PBXBuildFile; fileRef = 3771F5182148F6A90090AADA /* RVPresentationDocument.m */; };
		3771F51E2148F6AA0090AADA /* RVMediaCue.m in Sources */ = {isa = PBXBuildFile; fileRef = 3771F51A2148F6AA0090AADA /* RVMediaCue.m */; };
		3771F51F2148F6AA0090AADA /* RVDisplaySlide.m in Sources */ = {isa = PBXBuildFile; fileRef = 3771F51B2148F6AA0090AADA /* RVDisplaySlide.m */; };
		3771F5202148F6AA0090AADA /* RVSlideGrouping.m in Sources */ = {isa = PBXBuildFile; fileRef = 3771F51C2148F6AA0090AADA /* RVSlideGrouping.m */; };
		3771F5232148F7A00090AADA /* RVSlideViewItem.m in Sources */ = {isa = PBXBuildFile; fileRef = 3771F5222148F7A00090AADA /* RVSlideViewItem.m */; };
		3771F5282148FAFE0090AADA /* RVAudioCue.m in Sources */ = {isa = PBXBuildFile; fileRef = 3771F5272148FAFE0090AADA /* RVAudioCue.m */; };
		3771F52B2148FC9B0090AADA /* RVAudioElement.m in Sources */ = {isa = PBXBuildFile; fileRef = 3771F52A2148FC9B0090AADA /* RVAudioElement.m */; };
		3771F530214903F10090AADA /* RVImageElement.m in Sources */ = {isa = PBXBuildFile; fileRef = 3771F52E214903F00090AADA /* RVImageElement.m */; };
		3771F531214903F10090AADA /* RVVideoElement.m in Sources */ = {isa = PBXBuildFile; fileRef = 3771F52F214903F00090AADA /* RVVideoElement.m */; };
		37B9F416214FD3F70065A6FC /* save-icon.png in Resources */ = {isa = PBXBuildFile; fileRef = 37B9F415214FD3F70065A6FC /* save-icon.png */; };
		37B9F418214FD7420065A6FC /* save-icon2.png in Resources */ = {isa = PBXBuildFile; fileRef = 37B9F417214FD7420065A6FC /* save-icon2.png */; };
		37F35440214CC0FF007FBCAC /* Pro6VolumeEditor.png in Resources */ = {isa = PBXBuildFile; fileRef = 37F3543F214CC0FF007FBCAC /* Pro6VolumeEditor.png */; };
		37F35446214CC866007FBCAC /* paveWindowController.m in Sources */ = {isa = PBXBuildFile; fileRef = 37F35445214CC866007FBCAC /* paveWindowController.m */; };
/* End PBXBuildFile section */

/* Begin PBXFileReference section */
		371EE9932147F08D004ACFA0 /* Pro6AudioVolumeEditor.app */ = {isa = PBXFileReference; explicitFileType = wrapper.application; includeInIndex = 0; path = Pro6AudioVolumeEditor.app; sourceTree = BUILT_PRODUCTS_DIR; };
		371EE9962147F08D004ACFA0 /* AppDelegate.h */ = {isa = PBXFileReference; lastKnownFileType = sourcecode.c.h; path = AppDelegate.h; sourceTree = "<group>"; };
		371EE9972147F08D004ACFA0 /* AppDelegate.m */ = {isa = PBXFileReference; lastKnownFileType = sourcecode.c.objc; path = AppDelegate.m; sourceTree = "<group>"; };
		371EE9992147F08D004ACFA0 /* ViewController.h */ = {isa = PBXFileReference; lastKnownFileType = sourcecode.c.h; path = ViewController.h; sourceTree = "<group>"; };
		371EE99A2147F08D004ACFA0 /* ViewController.m */ = {isa = PBXFileReference; lastKnownFileType = sourcecode.c.objc; path = ViewController.m; sourceTree = "<group>"; };
		371EE99C2147F08F004ACFA0 /* Assets.xcassets */ = {isa = PBXFileReference; lastKnownFileType = folder.assetcatalog; path = Assets.xcassets; sourceTree = "<group>"; };
		371EE99F2147F08F004ACFA0 /* Base */ = {isa = PBXFileReference; lastKnownFileType = file.storyboard; name = Base; path = Base.lproj/Main.storyboard; sourceTree = "<group>"; };
		371EE9A12147F08F004ACFA0 /* Info.plist */ = {isa = PBXFileReference; lastKnownFileType = text.plist.xml; path = Info.plist; sourceTree = "<group>"; };
		371EE9A22147F08F004ACFA0 /* main.m */ = {isa = PBXFileReference; lastKnownFileType = sourcecode.c.objc; path = main.m; sourceTree = "<group>"; };
		371EE9A42147F08F004ACFA0 /* Pro6AudioVolumerEditor.entitlements */ = {isa = PBXFileReference; lastKnownFileType = text.plist.entitlements; path = Pro6AudioVolumerEditor.entitlements; sourceTree = "<group>"; };
		3771F510214870D70090AADA /* RVSlideViewItem.xib */ = {isa = PBXFileReference; lastKnownFileType = file.xib; path = RVSlideViewItem.xib; sourceTree = "<group>"; };
		3771F5152148F6A90090AADA /* RVMediaCue.h */ = {isa = PBXFileReference; lastKnownFileType = sourcecode.c.h; path = RVMediaCue.h; sourceTree = "<group>"; };
		3771F5162148F6A90090AADA /* RVPresentationDocument.h */ = {isa = PBXFileReference; lastKnownFileType = sourcecode.c.h; path = RVPresentationDocument.h; sourceTree = "<group>"; };
		3771F5172148F6A90090AADA /* RVSlideGrouping.h */ = {isa = PBXFileReference; lastKnownFileType = sourcecode.c.h; path = RVSlideGrouping.h; sourceTree = "<group>"; };
		3771F5182148F6A90090AADA /* RVPresentationDocument.m */ = {isa = PBXFileReference; lastKnownFileType = sourcecode.c.objc; path = RVPresentationDocument.m; sourceTree = "<group>"; };
		3771F5192148F6AA0090AADA /* RVDisplaySlide.h */ = {isa = PBXFileReference; lastKnownFileType = sourcecode.c.h; path = RVDisplaySlide.h; sourceTree = "<group>"; };
		3771F51A2148F6AA0090AADA /* RVMediaCue.m */ = {isa = PBXFileReference; lastKnownFileType = sourcecode.c.objc; path = RVMediaCue.m; sourceTree = "<group>"; };
		3771F51B2148F6AA0090AADA /* RVDisplaySlide.m */ = {isa = PBXFileReference; lastKnownFileType = sourcecode.c.objc; path = RVDisplaySlide.m; sourceTree = "<group>"; };
		3771F51C2148F6AA0090AADA /* RVSlideGrouping.m */ = {isa = PBXFileReference; lastKnownFileType = sourcecode.c.objc; path = RVSlideGrouping.m; sourceTree = "<group>"; };
		3771F5212148F7A00090AADA /* RVSlideViewItem.h */ = {isa = PBXFileReference; fileEncoding = 4; lastKnownFileType = sourcecode.c.h; path = RVSlideViewItem.h; sourceTree = "<group>"; };
		3771F5222148F7A00090AADA /* RVSlideViewItem.m */ = {isa = PBXFileReference; fileEncoding = 4; lastKnownFileType = sourcecode.c.objc; path = RVSlideViewItem.m; sourceTree = "<group>"; };
		3771F5262148FAFE0090AADA /* RVAudioCue.h */ = {isa = PBXFileReference; lastKnownFileType = sourcecode.c.h; path = RVAudioCue.h; sourceTree = "<group>"; };
		3771F5272148FAFE0090AADA /* RVAudioCue.m */ = {isa = PBXFileReference; lastKnownFileType = sourcecode.c.objc; path = RVAudioCue.m; sourceTree = "<group>"; };
		3771F5292148FC9B0090AADA /* RVAudioElement.h */ = {isa = PBXFileReference; lastKnownFileType = sourcecode.c.h; path = RVAudioElement.h; sourceTree = "<group>"; };
		3771F52A2148FC9B0090AADA /* RVAudioElement.m */ = {isa = PBXFileReference; lastKnownFileType = sourcecode.c.objc; path = RVAudioElement.m; sourceTree = "<group>"; };
		3771F52C214903F00090AADA /* RVImageElement.h */ = {isa = PBXFileReference; fileEncoding = 4; lastKnownFileType = sourcecode.c.h; path = RVImageElement.h; sourceTree = "<group>"; };
		3771F52D214903F00090AADA /* RVVideoElement.h */ = {isa = PBXFileReference; fileEncoding = 4; lastKnownFileType = sourcecode.c.h; path = RVVideoElement.h; sourceTree = "<group>"; };
		3771F52E214903F00090AADA /* RVImageElement.m */ = {isa = PBXFileReference; fileEncoding = 4; lastKnownFileType = sourcecode.c.objc; path = RVImageElement.m; sourceTree = "<group>"; };
		3771F52F214903F00090AADA /* RVVideoElement.m */ = {isa = PBXFileReference; fileEncoding = 4; lastKnownFileType = sourcecode.c.objc; path = RVVideoElement.m; sourceTree = "<group>"; };
		37B9F415214FD3F70065A6FC /* save-icon.png */ = {isa = PBXFileReference; lastKnownFileType = image.png; path = "save-icon.png"; sourceTree = "<group>"; };
		37B9F417214FD7420065A6FC /* save-icon2.png */ = {isa = PBXFileReference; lastKnownFileType = image.png; path = "save-icon2.png"; sourceTree = "<group>"; };
		37F3543F214CC0FF007FBCAC /* Pro6VolumeEditor.png */ = {isa = PBXFileReference; lastKnownFileType = image.png; path = Pro6VolumeEditor.png; sourceTree = "<group>"; };
		37F35444214CC866007FBCAC /* paveWindowController.h */ = {isa = PBXFileReference; lastKnownFileType = sourcecode.c.h; path = paveWindowController.h; sourceTree = "<group>"; };
		37F35445214CC866007FBCAC /* paveWindowController.m */ = {isa = PBXFileReference; lastKnownFileType = sourcecode.c.objc; path = paveWindowController.m; sourceTree = "<group>"; };
/* End PBXFileReference section */

/* Begin PBXFrameworksBuildPhase section */
		371EE9902147F08D004ACFA0 /* Frameworks */ = {
			isa = PBXFrameworksBuildPhase;
			buildActionMask = 2147483647;
			files = (
			);
			runOnlyForDeploymentPostprocessing = 0;
		};
/* End PBXFrameworksBuildPhase section */

/* Begin PBXGroup section */
		371EE98A2147F08C004ACFA0 = {
			isa = PBXGroup;
			children = (
				3771F510214870D70090AADA /* RVSlideViewItem.xib */,
				371EE9952147F08D004ACFA0 /* Pro6AudioVolumerEditor */,
				371EE9942147F08D004ACFA0 /* Products */,
			);
			sourceTree = "<group>";
		};
		371EE9942147F08D004ACFA0 /* Products */ = {
			isa = PBXGroup;
			children = (
				371EE9932147F08D004ACFA0 /* Pro6AudioVolumeEditor.app */,
			);
			name = Products;
			sourceTree = "<group>";
		};
		371EE9952147F08D004ACFA0 /* Pro6AudioVolumerEditor */ = {
			isa = PBXGroup;
			children = (
				3771F5262148FAFE0090AADA /* RVAudioCue.h */,
				3771F5272148FAFE0090AADA /* RVAudioCue.m */,
				3771F5292148FC9B0090AADA /* RVAudioElement.h */,
				3771F52A2148FC9B0090AADA /* RVAudioElement.m */,
				3771F52D214903F00090AADA /* RVVideoElement.h */,
				3771F52F214903F00090AADA /* RVVideoElement.m */,
				3771F5152148F6A90090AADA /* RVMediaCue.h */,
				3771F51A2148F6AA0090AADA /* RVMediaCue.m */,
				3771F52C214903F00090AADA /* RVImageElement.h */,
				3771F52E214903F00090AADA /* RVImageElement.m */,
				3771F5192148F6AA0090AADA /* RVDisplaySlide.h */,
				3771F51B2148F6AA0090AADA /* RVDisplaySlide.m */,
				3771F5162148F6A90090AADA /* RVPresentationDocument.h */,
				3771F5182148F6A90090AADA /* RVPresentationDocument.m */,
				3771F5172148F6A90090AADA /* RVSlideGrouping.h */,
				3771F51C2148F6AA0090AADA /* RVSlideGrouping.m */,
				371EE9962147F08D004ACFA0 /* AppDelegate.h */,
				371EE9972147F08D004ACFA0 /* AppDelegate.m */,
				371EE9992147F08D004ACFA0 /* ViewController.h */,
				371EE99A2147F08D004ACFA0 /* ViewController.m */,
				37F35444214CC866007FBCAC /* paveWindowController.h */,
				37F35445214CC866007FBCAC /* paveWindowController.m */,
				3771F5212148F7A00090AADA /* RVSlideViewItem.h */,
				3771F5222148F7A00090AADA /* RVSlideViewItem.m */,
				371EE99C2147F08F004ACFA0 /* Assets.xcassets */,
				37F3543F214CC0FF007FBCAC /* Pro6VolumeEditor.png */,
				37B9F415214FD3F70065A6FC /* save-icon.png */,
				37B9F417214FD7420065A6FC /* save-icon2.png */,
				371EE99E2147F08F004ACFA0 /* Main.storyboard */,
				371EE9A12147F08F004ACFA0 /* Info.plist */,
				371EE9A22147F08F004ACFA0 /* main.m */,
				371EE9A42147F08F004ACFA0 /* Pro6AudioVolumerEditor.entitlements */,
			);
			path = Pro6AudioVolumerEditor;
			sourceTree = "<group>";
		};
/* End PBXGroup section */

/* Begin PBXNativeTarget section */
		371EE9922147F08D004ACFA0 /* Pro6AudioVolumeEditor */ = {
			isa = PBXNativeTarget;
			buildConfigurationList = 371EE9A72147F08F004ACFA0 /* Build configuration list for PBXNativeTarget "Pro6AudioVolumeEditor" */;
			buildPhases = (
				371EE98F2147F08D004ACFA0 /* Sources */,
				371EE9902147F08D004ACFA0 /* Frameworks */,
				371EE9912147F08D004ACFA0 /* Resources */,
			);
			buildRules = (
			);
			dependencies = (
			);
			name = Pro6AudioVolumeEditor;
			productName = Pro6AudioVolumerEditor;
			productReference = 371EE9932147F08D004ACFA0 /* Pro6AudioVolumeEditor.app */;
			productType = "com.apple.product-type.application";
		};
/* End PBXNativeTarget section */

/* Begin PBXProject section */
		371EE98B2147F08C004ACFA0 /* Project object */ = {
			isa = PBXProject;
			attributes = {
				LastUpgradeCheck = 0940;
				ORGANIZATIONNAME = Dan;
				TargetAttributes = {
					371EE9922147F08D004ACFA0 = {
						CreatedOnToolsVersion = 9.4.1;
					};
				};
			};
			buildConfigurationList = 371EE98E2147F08C004ACFA0 /* Build configuration list for PBXProject "Pro6AudioVolumeEditor" */;
			compatibilityVersion = "Xcode 9.3";
			developmentRegion = en;
			hasScannedForEncodings = 0;
			knownRegions = (
				en,
				Base,
			);
			mainGroup = 371EE98A2147F08C004ACFA0;
			productRefGroup = 371EE9942147F08D004ACFA0 /* Products */;
			projectDirPath = "";
			projectRoot = "";
			targets = (
				371EE9922147F08D004ACFA0 /* Pro6AudioVolumeEditor */,
			);
		};
/* End PBXProject section */

/* Begin PBXResourcesBuildPhase section */
		371EE9912147F08D004ACFA0 /* Resources */ = {
			isa = PBXResourcesBuildPhase;
			buildActionMask = 2147483647;
			files = (
				37B9F418214FD7420065A6FC /* save-icon2.png in Resources */,
				3771F512214870D70090AADA /* RVSlideViewItem.xib in Resources */,
				37B9F416214FD3F70065A6FC /* save-icon.png in Resources */,
				37F35440214CC0FF007FBCAC /* Pro6VolumeEditor.png in Resources */,
				371EE99D2147F08F004ACFA0 /* Assets.xcassets in Resources */,
				371EE9A02147F08F004ACFA0 /* Main.storyboard in Resources */,
			);
			runOnlyForDeploymentPostprocessing = 0;
		};
/* End PBXResourcesBuildPhase section */

/* Begin PBXSourcesBuildPhase section */
		371EE98F2147F08D004ACFA0 /* Sources */ = {
			isa = PBXSourcesBuildPhase;
			buildActionMask = 2147483647;
			files = (
				37F35446214CC866007FBCAC /* paveWindowController.m in Sources */,
				3771F5282148FAFE0090AADA /* RVAudioCue.m in Sources */,
				3771F51F2148F6AA0090AADA /* RVDisplaySlide.m in Sources */,
				3771F51E2148F6AA0090AADA /* RVMediaCue.m in Sources */,
				3771F530214903F10090AADA /* RVImageElement.m in Sources */,
				3771F531214903F10090AADA /* RVVideoElement.m in Sources */,
				371EE99B2147F08D004ACFA0 /* ViewController.m in Sources */,
				371EE9A32147F08F004ACFA0 /* main.m in Sources */,
				3771F52B2148FC9B0090AADA /* RVAudioElement.m in Sources */,
				3771F51D2148F6AA0090AADA /* RVPresentationDocument.m in Sources */,
				371EE9982147F08D004ACFA0 /* AppDelegate.m in Sources */,
				3771F5202148F6AA0090AADA /* RVSlideGrouping.m in Sources */,
				3771F5232148F7A00090AADA /* RVSlideViewItem.m in Sources */,
			);
			runOnlyForDeploymentPostprocessing = 0;
		};
/* End PBXSourcesBuildPhase section */

/* Begin PBXVariantGroup section */
		371EE99E2147F08F004ACFA0 /* Main.storyboard */ = {
			isa = PBXVariantGroup;
			children = (
				371EE99F2147F08F004ACFA0 /* Base */,
			);
			name = Main.storyboard;
			sourceTree = "<group>";
		};
/* End PBXVariantGroup section */

/* Begin XCBuildConfiguration section */
		371EE9A52147F08F004ACFA0 /* Debug */ = {
			isa = XCBuildConfiguration;
			buildSettings = {
				ALWAYS_SEARCH_USER_PATHS = NO;
				CLANG_ANALYZER_NONNULL = YES;
				CLANG_ANALYZER_NUMBER_OBJECT_CONVERSION = YES_AGGRESSIVE;
				CLANG_CXX_LANGUAGE_STANDARD = "gnu++14";
				CLANG_CXX_LIBRARY = "libc++";
				CLANG_ENABLE_MODULES = YES;
				CLANG_ENABLE_OBJC_ARC = YES;
				CLANG_ENABLE_OBJC_WEAK = YES;
				CLANG_WARN_BLOCK_CAPTURE_AUTORELEASING = YES;
				CLANG_WARN_BOOL_CONVERSION = YES;
				CLANG_WARN_COMMA = YES;
				CLANG_WARN_CONSTANT_CONVERSION = YES;
				CLANG_WARN_DEPRECATED_OBJC_IMPLEMENTATIONS = YES;
				CLANG_WARN_DIRECT_OBJC_ISA_USAGE = YES_ERROR;
				CLANG_WARN_DOCUMENTATION_COMMENTS = YES;
				CLANG_WARN_EMPTY_BODY = YES;
				CLANG_WARN_ENUM_CONVERSION = YES;
				CLANG_WARN_INFINITE_RECURSION = YES;
				CLANG_WARN_INT_CONVERSION = YES;
				CLANG_WARN_NON_LITERAL_NULL_CONVERSION = YES;
				CLANG_WARN_OBJC_IMPLICIT_RETAIN_SELF = YES;
				CLANG_WARN_OBJC_LITERAL_CONVERSION = YES;
				CLANG_WARN_OBJC_ROOT_CLASS = YES_ERROR;
				CLANG_WARN_RANGE_LOOP_ANALYSIS = YES;
				CLANG_WARN_STRICT_PROTOTYPES = YES;
				CLANG_WARN_SUSPICIOUS_MOVE = YES;
				CLANG_WARN_UNGUARDED_AVAILABILITY = YES_AGGRESSIVE;
				CLANG_WARN_UNREACHABLE_CODE = YES;
				CLANG_WARN__DUPLICATE_METHOD_MATCH = YES;
				CODE_SIGN_IDENTITY = "-";
				COPY_PHASE_STRIP = NO;
				DEBUG_INFORMATION_FORMAT = dwarf;
				ENABLE_STRICT_OBJC_MSGSEND = YES;
				ENABLE_TESTABILITY = YES;
				GCC_C_LANGUAGE_STANDARD = gnu11;
				GCC_DYNAMIC_NO_PIC = NO;
				GCC_NO_COMMON_BLOCKS = YES;
				GCC_OPTIMIZATION_LEVEL = 0;
				GCC_PREPROCESSOR_DEFINITIONS = (
					"DEBUG=1",
					"$(inherited)",
				);
				GCC_WARN_64_TO_32_BIT_CONVERSION = YES;
				GCC_WARN_ABOUT_RETURN_TYPE = YES_ERROR;
				GCC_WARN_UNDECLARED_SELECTOR = YES;
				GCC_WARN_UNINITIALIZED_AUTOS = YES_AGGRESSIVE;
				GCC_WARN_UNUSED_FUNCTION = YES;
				GCC_WARN_UNUSED_VARIABLE = YES;
				MACOSX_DEPLOYMENT_TARGET = 10.13;
				MTL_ENABLE_DEBUG_INFO = YES;
				ONLY_ACTIVE_ARCH = YES;
				SDKROOT = macosx;
			};
			name = Debug;
		};
		371EE9A62147F08F004ACFA0 /* Release */ = {
			isa = XCBuildConfiguration;
			buildSettings = {
				ALWAYS_SEARCH_USER_PATHS = NO;
				CLANG_ANALYZER_NONNULL = YES;
				CLANG_ANALYZER_NUMBER_OBJECT_CONVERSION = YES_AGGRESSIVE;
				CLANG_CXX_LANGUAGE_STANDARD = "gnu++14";
				CLANG_CXX_LIBRARY = "libc++";
				CLANG_ENABLE_MODULES = YES;
				CLANG_ENABLE_OBJC_ARC = YES;
				CLANG_ENABLE_OBJC_WEAK = YES;
				CLANG_WARN_BLOCK_CAPTURE_AUTORELEASING = YES;
				CLANG_WARN_BOOL_CONVERSION = YES;
				CLANG_WARN_COMMA = YES;
				CLANG_WARN_CONSTANT_CONVERSION = YES;
				CLANG_WARN_DEPRECATED_OBJC_IMPLEMENTATIONS = YES;
				CLANG_WARN_DIRECT_OBJC_ISA_USAGE = YES_ERROR;
				CLANG_WARN_DOCUMENTATION_COMMENTS = YES;
				CLANG_WARN_EMPTY_BODY = YES;
				CLANG_WARN_ENUM_CONVERSION = YES;
				CLANG_WARN_INFINITE_RECURSION = YES;
				CLANG_WARN_INT_CONVERSION = YES;
				CLANG_WARN_NON_LITERAL_NULL_CONVERSION = YES;
				CLANG_WARN_OBJC_IMPLICIT_RETAIN_SELF = YES;
				CLANG_WARN_OBJC_LITERAL_CONVERSION = YES;
				CLANG_WARN_OBJC_ROOT_CLASS = YES_ERROR;
				CLANG_WARN_RANGE_LOOP_ANALYSIS = YES;
				CLANG_WARN_STRICT_PROTOTYPES = YES;
				CLANG_WARN_SUSPICIOUS_MOVE = YES;
				CLANG_WARN_UNGUARDED_AVAILABILITY = YES_AGGRESSIVE;
				CLANG_WARN_UNREACHABLE_CODE = YES;
				CLANG_WARN__DUPLICATE_METHOD_MATCH = YES;
				CODE_SIGN_IDENTITY = "-";
				COPY_PHASE_STRIP = NO;
				DEBUG_INFORMATION_FORMAT = "dwarf-with-dsym";
				ENABLE_NS_ASSERTIONS = NO;
				ENABLE_STRICT_OBJC_MSGSEND = YES;
				GCC_C_LANGUAGE_STANDARD = gnu11;
				GCC_NO_COMMON_BLOCKS = YES;
				GCC_WARN_64_TO_32_BIT_CONVERSION = YES;
				GCC_WARN_ABOUT_RETURN_TYPE = YES_ERROR;
				GCC_WARN_UNDECLARED_SELECTOR = YES;
				GCC_WARN_UNINITIALIZED_AUTOS = YES_AGGRESSIVE;
				GCC_WARN_UNUSED_FUNCTION = YES;
				GCC_WARN_UNUSED_VARIABLE = YES;
				MACOSX_DEPLOYMENT_TARGET = 10.13;
				MTL_ENABLE_DEBUG_INFO = NO;
				SDKROOT = macosx;
			};
			name = Release;
		};
		371EE9A82147F08F004ACFA0 /* Debug */ = {
			isa = XCBuildConfiguration;
			buildSettings = {
				ASSETCATALOG_COMPILER_APPICON_NAME = AppIcon;
				CODE_SIGN_ENTITLEMENTS = Pro6AudioVolumerEditor/Pro6AudioVolumerEditor.entitlements;
				CODE_SIGN_STYLE = Automatic;
				COMBINE_HIDPI_IMAGES = YES;
				INFOPLIST_FILE = Pro6AudioVolumerEditor/Info.plist;
				LD_RUNPATH_SEARCH_PATHS = (
					"$(inherited)",
					"@executable_path/../Frameworks",
				);
				PRODUCT_BUNDLE_IDENTIFIER = com.greyshirtguy.Pro6AudioVolumeEditor;
				PRODUCT_NAME = "$(TARGET_NAME)";
			};
			name = Debug;
		};
		371EE9A92147F08F004ACFA0 /* Release */ = {
			isa = XCBuildConfiguration;
			buildSettings = {
				ASSETCATALOG_COMPILER_APPICON_NAME = AppIcon;
				CODE_SIGN_ENTITLEMENTS = Pro6AudioVolumerEditor/Pro6AudioVolumerEditor.entitlements;
				CODE_SIGN_STYLE = Automatic;
				COMBINE_HIDPI_IMAGES = YES;
				INFOPLIST_FILE = Pro6AudioVolumerEditor/Info.plist;
				LD_RUNPATH_SEARCH_PATHS = (
					"$(inherited)",
					"@executable_path/../Frameworks",
				);
				PRODUCT_BUNDLE_IDENTIFIER = com.greyshirtguy.Pro6AudioVolumeEditor;
				PRODUCT_NAME = "$(TARGET_NAME)";
			};
			name = Release;
		};
/* End XCBuildConfiguration section */

/* Begin XCConfigurationList section */
		371EE98E2147F08C004ACFA0 /* Build configuration list for PBXProject "Pro6AudioVolumeEditor" */ = {
			isa = XCConfigurationList;
			buildConfigurations = (
				371EE9A52147F08F004ACFA0 /* Debug */,
				371EE9A62147F08F004ACFA0 /* Release */,
			);
			defaultConfigurationIsVisible = 0;
			defaultConfigurationName = Release;
		};
		371EE9A72147F08F004ACFA0 /* Build configuration list for PBXNativeTarget "Pro6AudioVolumeEditor" */ = {
			isa = XCConfigurationList;
			buildConfigurations = (
				371EE9A82147F08F004ACFA0 /* Debug */,
				371EE9A92147F08F004ACFA0 /* Release */,
			);
			defaultConfigurationIsVisible = 0;
			defaultConfigurationName = Release;
		};
/* End XCConfigurationList section */
	};
	rootObject = 371EE98B2147F08C004ACFA0 /* Project object */;
}
